// !$*UTF8*$!
{
	archiveVersion = 1;
	classes = {
	};
	objectVersion = 46;
	objects = {

/* Begin PBXBuildFile section */
		3C251D2D154F13810019C687 /* CDWheelViewController.xib in Resources */ = {isa = PBXBuildFile; fileRef = 3C251D2B154F13810019C687 /* CDWheelViewController.xib */; };
		3C4FE4EE14AE1809005366AE /* UIKit.framework in Frameworks */ = {isa = PBXBuildFile; fileRef = 3C4FE4ED14AE1809005366AE /* UIKit.framework */; };
		3C4FE4F014AE1809005366AE /* Foundation.framework in Frameworks */ = {isa = PBXBuildFile; fileRef = 3C4FE4EF14AE1809005366AE /* Foundation.framework */; };
		3C4FE4F214AE1809005366AE /* CoreGraphics.framework in Frameworks */ = {isa = PBXBuildFile; fileRef = 3C4FE4F114AE1809005366AE /* CoreGraphics.framework */; };
		3C4FE4F814AE1809005366AE /* InfoPlist.strings in Resources */ = {isa = PBXBuildFile; fileRef = 3C4FE4F614AE1809005366AE /* InfoPlist.strings */; };
		3C4FE4FA14AE1809005366AE /* main.m in Sources */ = {isa = PBXBuildFile; fileRef = 3C4FE4F914AE1809005366AE /* main.m */; };
		3C4FE50414AE1809005366AE /* CDWheelViewController.xib in Resources */ = {isa = PBXBuildFile; fileRef = 3C4FE50214AE1809005366AE /* CDWheelViewController.xib */; };
		3C4FE50E14AE1B51005366AE /* QuartzCore.framework in Frameworks */ = {isa = PBXBuildFile; fileRef = 3C4FE50D14AE1B51005366AE /* QuartzCore.framework */; };
		3C4FE51614AE3D07005366AE /* CDCircle.m in Sources */ = {isa = PBXBuildFile; fileRef = 3C4FE51514AE3D07005366AE /* CDCircle.m */; };
		3C4FE52D14AF2165005366AE /* CDCircleGestureRecognizer.m in Sources */ = {isa = PBXBuildFile; fileRef = 3C4FE52C14AF2165005366AE /* CDCircleGestureRecognizer.m */; };
		3C61A3AB14B61E1A003C9E6B /* Common.m in Sources */ = {isa = PBXBuildFile; fileRef = 3C61A3AA14B61E1A003C9E6B /* Common.m */; };
		3C6B8EAD14B62D31002EC1F0 /* AudioToolbox.framework in Frameworks */ = {isa = PBXBuildFile; fileRef = 3C6B8EAC14B62D31002EC1F0 /* AudioToolbox.framework */; };
		3C6B8EAF14B62E74002EC1F0 /* iPod Click.aiff in Resources */ = {isa = PBXBuildFile; fileRef = 3C6B8EAE14B62E74002EC1F0 /* iPod Click.aiff */; };
		3C6B8EB214B64538002EC1F0 /* CDCircleOverlayView.m in Sources */ = {isa = PBXBuildFile; fileRef = 3C6B8EB114B64538002EC1F0 /* CDCircleOverlayView.m */; };
		3C84C6E814B683A500B47362 /* icon_arrow_up.png in Resources */ = {isa = PBXBuildFile; fileRef = 3C84C6E714B683A400B47362 /* icon_arrow_up.png */; };
		3C84C70014B8A1B600B47362 /* CDIconView.m in Sources */ = {isa = PBXBuildFile; fileRef = 3C84C6FF14B8A1B300B47362 /* CDIconView.m */; };
		3C97EE5214B0B6BB008C69DF /* CDCircleThumb.m in Sources */ = {isa = PBXBuildFile; fileRef = 3C97EE5114B0B6BB008C69DF /* CDCircleThumb.m */; };
/* End PBXBuildFile section */

/* Begin PBXFileReference section */
		3C251D25154F13590019C687 /* CDWheelAppDelegate.h */ = {isa = PBXFileReference; lastKnownFileType = sourcecode.c.h; name = CDWheelAppDelegate.h; path = "Wheel demo/CDWheelAppDelegate.h"; sourceTree = SOURCE_ROOT; };
		3C251D26154F13590019C687 /* CDWheelAppDelegate.m */ = {isa = PBXFileReference; lastKnownFileType = sourcecode.c.objc; name = CDWheelAppDelegate.m; path = "Wheel demo/CDWheelAppDelegate.m"; sourceTree = SOURCE_ROOT; };
		3C251D27154F13590019C687 /* CDWheelViewController.h */ = {isa = PBXFileReference; lastKnownFileType = sourcecode.c.h; name = CDWheelViewController.h; path = "Wheel demo/CDWheelViewController.h"; sourceTree = SOURCE_ROOT; };
		3C251D28154F13590019C687 /* CDWheelViewController.m */ = {isa = PBXFileReference; lastKnownFileType = sourcecode.c.objc; name = CDWheelViewController.m; path = "Wheel demo/CDWheelViewController.m"; sourceTree = SOURCE_ROOT; };
		3C251D2C154F13810019C687 /* en */ = {isa = PBXFileReference; lastKnownFileType = file.xib; name = en; path = "Wheel demo/en.lproj/CDWheelViewController.xib"; sourceTree = SOURCE_ROOT; };
		3C4FE4E914AE1809005366AE /* Wheel.app */ = {isa = PBXFileReference; explicitFileType = wrapper.application; includeInIndex = 0; path = Wheel.app; sourceTree = BUILT_PRODUCTS_DIR; };
		3C4FE4ED14AE1809005366AE /* UIKit.framework */ = {isa = PBXFileReference; lastKnownFileType = wrapper.framework; name = UIKit.framework; path = System/Library/Frameworks/UIKit.framework; sourceTree = SDKROOT; };
		3C4FE4EF14AE1809005366AE /* Foundation.framework */ = {isa = PBXFileReference; lastKnownFileType = wrapper.framework; name = Foundation.framework; path = System/Library/Frameworks/Foundation.framework; sourceTree = SDKROOT; };
		3C4FE4F114AE1809005366AE /* CoreGraphics.framework */ = {isa = PBXFileReference; lastKnownFileType = wrapper.framework; name = CoreGraphics.framework; path = System/Library/Frameworks/CoreGraphics.framework; sourceTree = SDKROOT; };
		3C4FE4F514AE1809005366AE /* Wheel-Info.plist */ = {isa = PBXFileReference; lastKnownFileType = text.plist.xml; path = "Wheel-Info.plist"; sourceTree = "<group>"; };
		3C4FE4F714AE1809005366AE /* en */ = {isa = PBXFileReference; lastKnownFileType = text.plist.strings; name = en; path = en.lproj/InfoPlist.strings; sourceTree = "<group>"; };
		3C4FE4F914AE1809005366AE /* main.m */ = {isa = PBXFileReference; lastKnownFileType = sourcecode.c.objc; path = main.m; sourceTree = "<group>"; };
		3C4FE4FB14AE1809005366AE /* Wheel-Prefix.pch */ = {isa = PBXFileReference; lastKnownFileType = sourcecode.c.h; path = "Wheel-Prefix.pch"; sourceTree = "<group>"; };
		3C4FE50D14AE1B51005366AE /* QuartzCore.framework */ = {isa = PBXFileReference; lastKnownFileType = wrapper.framework; name = QuartzCore.framework; path = System/Library/Frameworks/QuartzCore.framework; sourceTree = SDKROOT; };
		3C4FE51414AE3D07005366AE /* CDCircle.h */ = {isa = PBXFileReference; fileEncoding = 4; lastKnownFileType = sourcecode.c.h; path = CDCircle.h; sourceTree = "<group>"; };
		3C4FE51514AE3D07005366AE /* CDCircle.m */ = {isa = PBXFileReference; fileEncoding = 4; lastKnownFileType = sourcecode.c.objc; path = CDCircle.m; sourceTree = "<group>"; };
		3C4FE52B14AF2165005366AE /* CDCircleGestureRecognizer.h */ = {isa = PBXFileReference; fileEncoding = 4; lastKnownFileType = sourcecode.c.h; name = CDCircleGestureRecognizer.h; path = ../CDCircleGestureRecognizer.h; sourceTree = "<group>"; };
		3C4FE52C14AF2165005366AE /* CDCircleGestureRecognizer.m */ = {isa = PBXFileReference; fileEncoding = 4; lastKnownFileType = sourcecode.c.objc; name = CDCircleGestureRecognizer.m; path = ../CDCircleGestureRecognizer.m; sourceTree = "<group>"; };
		3C61A3A914B61E19003C9E6B /* Common.h */ = {isa = PBXFileReference; fileEncoding = 4; lastKnownFileType = sourcecode.c.h; path = Common.h; sourceTree = "<group>"; };
		3C61A3AA14B61E1A003C9E6B /* Common.m */ = {isa = PBXFileReference; fileEncoding = 4; lastKnownFileType = sourcecode.c.objc; path = Common.m; sourceTree = "<group>"; };
		3C6B8EAC14B62D31002EC1F0 /* AudioToolbox.framework */ = {isa = PBXFileReference; lastKnownFileType = wrapper.framework; name = AudioToolbox.framework; path = System/Library/Frameworks/AudioToolbox.framework; sourceTree = SDKROOT; };
		3C6B8EAE14B62E74002EC1F0 /* iPod Click.aiff */ = {isa = PBXFileReference; lastKnownFileType = audio.aiff; path = "iPod Click.aiff"; sourceTree = "<group>"; };
		3C6B8EB014B64538002EC1F0 /* CDCircleOverlayView.h */ = {isa = PBXFileReference; fileEncoding = 4; lastKnownFileType = sourcecode.c.h; path = CDCircleOverlayView.h; sourceTree = "<group>"; };
		3C6B8EB114B64538002EC1F0 /* CDCircleOverlayView.m */ = {isa = PBXFileReference; fileEncoding = 4; lastKnownFileType = sourcecode.c.objc; path = CDCircleOverlayView.m; sourceTree = "<group>"; };
		3C84C6E714B683A400B47362 /* icon_arrow_up.png */ = {isa = PBXFileReference; lastKnownFileType = image.png; path = icon_arrow_up.png; sourceTree = "<group>"; };
		3C84C6FE14B8A1B100B47362 /* CDIconView.h */ = {isa = PBXFileReference; fileEncoding = 4; lastKnownFileType = sourcecode.c.h; path = CDIconView.h; sourceTree = "<group>"; };
		3C84C6FF14B8A1B300B47362 /* CDIconView.m */ = {isa = PBXFileReference; fileEncoding = 4; lastKnownFileType = sourcecode.c.objc; path = CDIconView.m; sourceTree = "<group>"; };
		3C97EE5014B0B6BB008C69DF /* CDCircleThumb.h */ = {isa = PBXFileReference; fileEncoding = 4; lastKnownFileType = sourcecode.c.h; path = CDCircleThumb.h; sourceTree = "<group>"; };
		3C97EE5114B0B6BB008C69DF /* CDCircleThumb.m */ = {isa = PBXFileReference; fileEncoding = 4; lastKnownFileType = sourcecode.c.objc; path = CDCircleThumb.m; sourceTree = "<group>"; };
/* End PBXFileReference section */

/* Begin PBXFrameworksBuildPhase section */
		3C4FE4E614AE1809005366AE /* Frameworks */ = {
			isa = PBXFrameworksBuildPhase;
			buildActionMask = 2147483647;
			files = (
				3C6B8EAD14B62D31002EC1F0 /* AudioToolbox.framework in Frameworks */,
				3C4FE50E14AE1B51005366AE /* QuartzCore.framework in Frameworks */,
				3C4FE4EE14AE1809005366AE /* UIKit.framework in Frameworks */,
				3C4FE4F014AE1809005366AE /* Foundation.framework in Frameworks */,
				3C4FE4F214AE1809005366AE /* CoreGraphics.framework in Frameworks */,
			);
			runOnlyForDeploymentPostprocessing = 0;
		};
/* End PBXFrameworksBuildPhase section */

/* Begin PBXGroup section */
		3C18062614B26CA800CE0788 /* Resources */ = {
			isa = PBXGroup;
			children = (
				3C18062914B26CB900CE0788 /* Others */,
				3C18062814B26CB300CE0788 /* Icons */,
			);
			name = Resources;
			sourceTree = "<group>";
		};
		3C18062814B26CB300CE0788 /* Icons */ = {
			isa = PBXGroup;
			children = (
				3C84C6E714B683A400B47362 /* icon_arrow_up.png */,
			);
			name = Icons;
			sourceTree = "<group>";
		};
		3C18062914B26CB900CE0788 /* Others */ = {
			isa = PBXGroup;
			children = (
				3C6B8EAE14B62E74002EC1F0 /* iPod Click.aiff */,
			);
			name = Others;
			sourceTree = "<group>";
		};
		3C251D17154EFD220019C687 /* Wheel */ = {
			isa = PBXGroup;
			children = (
				3C4FE52B14AF2165005366AE /* CDCircleGestureRecognizer.h */,
				3C4FE52C14AF2165005366AE /* CDCircleGestureRecognizer.m */,
				3C4FE51414AE3D07005366AE /* CDCircle.h */,
				3C4FE51514AE3D07005366AE /* CDCircle.m */,
				3C97EE5014B0B6BB008C69DF /* CDCircleThumb.h */,
				3C97EE5114B0B6BB008C69DF /* CDCircleThumb.m */,
				3C84C6FE14B8A1B100B47362 /* CDIconView.h */,
				3C84C6FF14B8A1B300B47362 /* CDIconView.m */,
				3C6B8EB014B64538002EC1F0 /* CDCircleOverlayView.h */,
				3C6B8EB114B64538002EC1F0 /* CDCircleOverlayView.m */,
				3C61A3A914B61E19003C9E6B /* Common.h */,
				3C61A3AA14B61E1A003C9E6B /* Common.m */,
			);
			name = Wheel;
			sourceTree = "<group>";
		};
		3C4FE4DE14AE1809005366AE = {
			isa = PBXGroup;
			children = (
				3C4FE4F314AE1809005366AE /* Wheel Demo */,
				3C4FE4EC14AE1809005366AE /* Frameworks */,
				3C4FE4EA14AE1809005366AE /* Products */,
			);
			sourceTree = "<group>";
		};
		3C4FE4EA14AE1809005366AE /* Products */ = {
			isa = PBXGroup;
			children = (
				3C4FE4E914AE1809005366AE /* Wheel.app */,
			);
			name = Products;
			sourceTree = "<group>";
		};
		3C4FE4EC14AE1809005366AE /* Frameworks */ = {
			isa = PBXGroup;
			children = (
				3C6B8EAC14B62D31002EC1F0 /* AudioToolbox.framework */,
				3C4FE50D14AE1B51005366AE /* QuartzCore.framework */,
				3C4FE4ED14AE1809005366AE /* UIKit.framework */,
				3C4FE4EF14AE1809005366AE /* Foundation.framework */,
				3C4FE4F114AE1809005366AE /* CoreGraphics.framework */,
			);
			name = Frameworks;
			sourceTree = "<group>";
		};
		3C4FE4F314AE1809005366AE /* Wheel Demo */ = {
			isa = PBXGroup;
			children = (
				3C251D25154F13590019C687 /* CDWheelAppDelegate.h */,
				3C251D26154F13590019C687 /* CDWheelAppDelegate.m */,
				3C251D27154F13590019C687 /* CDWheelViewController.h */,
				3C251D28154F13590019C687 /* CDWheelViewController.m */,
				3C251D2B154F13810019C687 /* CDWheelViewController.xib */,
				3C251D17154EFD220019C687 /* Wheel */,
				3C4FE4F414AE1809005366AE /* Supporting Files */,
			);
			name = "Wheel Demo";
			path = Wheel;
			sourceTree = "<group>";
		};
		3C4FE4F414AE1809005366AE /* Supporting Files */ = {
			isa = PBXGroup;
			children = (
				3C18062614B26CA800CE0788 /* Resources */,
				3C4FE4F514AE1809005366AE /* Wheel-Info.plist */,
				3C4FE4F614AE1809005366AE /* InfoPlist.strings */,
				3C4FE4F914AE1809005366AE /* main.m */,
				3C4FE4FB14AE1809005366AE /* Wheel-Prefix.pch */,
			);
			name = "Supporting Files";
			sourceTree = "<group>";
		};
/* End PBXGroup section */

/* Begin PBXNativeTarget section */
		3C4FE4E814AE1809005366AE /* Wheel */ = {
			isa = PBXNativeTarget;
			buildConfigurationList = 3C4FE50714AE1809005366AE /* Build configuration list for PBXNativeTarget "Wheel" */;
			buildPhases = (
				3C4FE4E514AE1809005366AE /* Sources */,
				3C4FE4E614AE1809005366AE /* Frameworks */,
				3C4FE4E714AE1809005366AE /* Resources */,
			);
			buildRules = (
			);
			dependencies = (
			);
			name = Wheel;
			productName = Wheel;
			productReference = 3C4FE4E914AE1809005366AE /* Wheel.app */;
			productType = "com.apple.product-type.application";
		};
/* End PBXNativeTarget section */

/* Begin PBXProject section */
		3C4FE4E014AE1809005366AE /* Project object */ = {
			isa = PBXProject;
			attributes = {
				LastUpgradeCheck = 0420;
			};
			buildConfigurationList = 3C4FE4E314AE1809005366AE /* Build configuration list for PBXProject "Wheel demo" */;
			compatibilityVersion = "Xcode 3.2";
			developmentRegion = English;
			hasScannedForEncodings = 0;
			knownRegions = (
				en,
			);
			mainGroup = 3C4FE4DE14AE1809005366AE;
			productRefGroup = 3C4FE4EA14AE1809005366AE /* Products */;
			projectDirPath = "";
			projectRoot = "";
			targets = (
				3C4FE4E814AE1809005366AE /* Wheel */,
			);
		};
/* End PBXProject section */

/* Begin PBXResourcesBuildPhase section */
		3C4FE4E714AE1809005366AE /* Resources */ = {
			isa = PBXResourcesBuildPhase;
			buildActionMask = 2147483647;
			files = (
				3C4FE4F814AE1809005366AE /* InfoPlist.strings in Resources */,
				3C4FE50414AE1809005366AE /* CDWheelViewController.xib in Resources */,
				3C6B8EAF14B62E74002EC1F0 /* iPod Click.aiff in Resources */,
				3C84C6E814B683A500B47362 /* icon_arrow_up.png in Resources */,
				3C251D2D154F13810019C687 /* CDWheelViewController.xib in Resources */,
			);
			runOnlyForDeploymentPostprocessing = 0;
		};
/* End PBXResourcesBuildPhase section */

/* Begin PBXSourcesBuildPhase section */
		3C4FE4E514AE1809005366AE /* Sources */ = {
			isa = PBXSourcesBuildPhase;
			buildActionMask = 2147483647;
			files = (
				3C4FE4FA14AE1809005366AE /* main.m in Sources */,
				3C4FE51614AE3D07005366AE /* CDCircle.m in Sources */,
				3C4FE52D14AF2165005366AE /* CDCircleGestureRecognizer.m in Sources */,
				3C97EE5214B0B6BB008C69DF /* CDCircleThumb.m in Sources */,
				3C61A3AB14B61E1A003C9E6B /* Common.m in Sources */,
				3C6B8EB214B64538002EC1F0 /* CDCircleOverlayView.m in Sources */,
				3C84C70014B8A1B600B47362 /* CDIconView.m in Sources */,
			);
			runOnlyForDeploymentPostprocessing = 0;
		};
/* End PBXSourcesBuildPhase section */

/* Begin PBXVariantGroup section */
		3C251D2B154F13810019C687 /* CDWheelViewController.xib */ = {
			isa = PBXVariantGroup;
			children = (
				3C251D2C154F13810019C687 /* en */,
			);
			name = CDWheelViewController.xib;
			sourceTree = "<group>";
		};
		3C4FE4F614AE1809005366AE /* InfoPlist.strings */ = {
			isa = PBXVariantGroup;
			children = (
				3C4FE4F714AE1809005366AE /* en */,
			);
			name = InfoPlist.strings;
			sourceTree = "<group>";
		};
		3C4FE50214AE1809005366AE /* CDWheelViewController.xib */ = {
			isa = PBXVariantGroup;
			children = (
			);
			name = CDWheelViewController.xib;
			path = "/Users/wojciechczekalski/Documents/iPhone Dev/Projekty/CDPieMenu/Wheel";
			sourceTree = "<absolute>";
		};
/* End PBXVariantGroup section */

/* Begin XCBuildConfiguration section */
		3C4FE50514AE1809005366AE /* Debug */ = {
			isa = XCBuildConfiguration;
			buildSettings = {
				ALWAYS_SEARCH_USER_PATHS = NO;
				ARCHS = "$(ARCHS_STANDARD_32_BIT)";
				CLANG_ENABLE_OBJC_ARC = YES;
				"CODE_SIGN_IDENTITY[sdk=iphoneos*]" = "iPhone Developer";
				COPY_PHASE_STRIP = NO;
				GCC_C_LANGUAGE_STANDARD = gnu99;
				GCC_DYNAMIC_NO_PIC = NO;
				GCC_OPTIMIZATION_LEVEL = 0;
				GCC_PREPROCESSOR_DEFINITIONS = (
					"DEBUG=1",
					"$(inherited)",
				);
				GCC_SYMBOLS_PRIVATE_EXTERN = NO;
				GCC_VERSION = com.apple.compilers.llvm.clang.1_0;
				GCC_WARN_ABOUT_MISSING_PROTOTYPES = YES;
				GCC_WARN_ABOUT_RETURN_TYPE = YES;
				GCC_WARN_UNUSED_VARIABLE = YES;
				IPHONEOS_DEPLOYMENT_TARGET = 5.0;
				"PROVISIONING_PROFILE[sdk=iphoneos*]" = "";
				SDKROOT = iphoneos;
			};
			name = Debug;
		};
		3C4FE50614AE1809005366AE /* Release */ = {
			isa = XCBuildConfiguration;
			buildSettings = {
				ALWAYS_SEARCH_USER_PATHS = NO;
				ARCHS = "$(ARCHS_STANDARD_32_BIT)";
				CLANG_ENABLE_OBJC_ARC = YES;
				"CODE_SIGN_IDENTITY[sdk=iphoneos*]" = "iPhone Developer";
				COPY_PHASE_STRIP = YES;
				GCC_C_LANGUAGE_STANDARD = gnu99;
				GCC_VERSION = com.apple.compilers.llvm.clang.1_0;
				GCC_WARN_ABOUT_MISSING_PROTOTYPES = YES;
				GCC_WARN_ABOUT_RETURN_TYPE = YES;
				GCC_WARN_UNUSED_VARIABLE = YES;
				IPHONEOS_DEPLOYMENT_TARGET = 5.0;
				OTHER_CFLAGS = "-DNS_BLOCK_ASSERTIONS=1";
				"PROVISIONING_PROFILE[sdk=iphoneos*]" = "";
				SDKROOT = iphoneos;
				VALIDATE_PRODUCT = YES;
			};
			name = Release;
		};
		3C4FE50814AE1809005366AE /* Debug */ = {
			isa = XCBuildConfiguration;
			buildSettings = {
				GCC_PRECOMPILE_PREFIX_HEADER = YES;
				GCC_PREFIX_HEADER = "Wheel/Wheel-Prefix.pch";
				INFOPLIST_FILE = "Wheel/Wheel-Info.plist";
				IPHONEOS_DEPLOYMENT_TARGET = 5.1;
				PRODUCT_NAME = "$(TARGET_NAME)";
				TARGETED_DEVICE_FAMILY = 1;
				WRAPPER_EXTENSION = app;
			};
			name = Debug;
		};
		3C4FE50914AE1809005366AE /* Release */ = {
			isa = XCBuildConfiguration;
			buildSettings = {
				GCC_PRECOMPILE_PREFIX_HEADER = YES;
				GCC_PREFIX_HEADER = "Wheel/Wheel-Prefix.pch";
				INFOPLIST_FILE = "Wheel/Wheel-Info.plist";
				IPHONEOS_DEPLOYMENT_TARGET = 5.1;
				PRODUCT_NAME = "$(TARGET_NAME)";
				TARGETED_DEVICE_FAMILY = 1;
				WRAPPER_EXTENSION = app;
			};
			name = Release;
		};
/* End XCBuildConfiguration section */

/* Begin XCConfigurationList section */
		3C4FE4E314AE1809005366AE /* Build configuration list for PBXProject "Wheel demo" */ = {
			isa = XCConfigurationList;
			buildConfigurations = (
				3C4FE50514AE1809005366AE /* Debug */,
				3C4FE50614AE1809005366AE /* Release */,
			);
			defaultConfigurationIsVisible = 0;
			defaultConfigurationName = Release;
		};
		3C4FE50714AE1809005366AE /* Build configuration list for PBXNativeTarget "Wheel" */ = {
			isa = XCConfigurationList;
			buildConfigurations = (
				3C4FE50814AE1809005366AE /* Debug */,
				3C4FE50914AE1809005366AE /* Release */,
			);
			defaultConfigurationIsVisible = 0;
			defaultConfigurationName = Release;
		};
/* End XCConfigurationList section */
	};
	rootObject = 3C4FE4E014AE1809005366AE /* Project object */;
}
