// !$*UTF8*$!
{
	archiveVersion = 1;
	classes = {
	};
	objectVersion = 46;
	objects = {

/* Begin PBXBuildFile section */
		C91237BF1BFBB3B400D74455 /* Roulette.swift in Sources */ = {isa = PBXBuildFile; fileRef = C91237BE1BFBB3B400D74455 /* Roulette.swift */; };
		C9F15C921BE532C1003F4CDA /* AppDelegate.swift in Sources */ = {isa = PBXBuildFile; fileRef = C9F15C911BE532C1003F4CDA /* AppDelegate.swift */; };
		C9F15C941BE532C1003F4CDA /* ViewController.swift in Sources */ = {isa = PBXBuildFile; fileRef = C9F15C931BE532C1003F4CDA /* ViewController.swift */; };
		C9F15C971BE532C1003F4CDA /* Main.storyboard in Resources */ = {isa = PBXBuildFile; fileRef = C9F15C951BE532C1003F4CDA /* Main.storyboard */; };
		C9F15C991BE532C1003F4CDA /* Assets.xcassets in Resources */ = {isa = PBXBuildFile; fileRef = C9F15C981BE532C1003F4CDA /* Assets.xcassets */; };
		C9F15C9C1BE532C1003F4CDA /* LaunchScreen.storyboard in Resources */ = {isa = PBXBuildFile; fileRef = C9F15C9A1BE532C1003F4CDA /* LaunchScreen.storyboard */; };
/* End PBXBuildFile section */

/* Begin PBXFileReference section */
		C91237BE1BFBB3B400D74455 /* Roulette.swift */ = {isa = PBXFileReference; fileEncoding = 4; lastKnownFileType = sourcecode.swift; path = Roulette.swift; sourceTree = "<group>"; };
		C98FE21D1BEB8D5D00412CB2 /* Play.playground */ = {isa = PBXFileReference; lastKnownFileType = file.playground; path = Play.playground; sourceTree = "<group>"; };
		C9F15C8E1BE532C1003F4CDA /* Roulette.app */ = {isa = PBXFileReference; explicitFileType = wrapper.application; includeInIndex = 0; path = Roulette.app; sourceTree = BUILT_PRODUCTS_DIR; };
		C9F15C911BE532C1003F4CDA /* AppDelegate.swift */ = {isa = PBXFileReference; lastKnownFileType = sourcecode.swift; path = AppDelegate.swift; sourceTree = "<group>"; };
		C9F15C931BE532C1003F4CDA /* ViewController.swift */ = {isa = PBXFileReference; lastKnownFileType = sourcecode.swift; path = ViewController.swift; sourceTree = "<group>"; };
		C9F15C961BE532C1003F4CDA /* Base */ = {isa = PBXFileReference; lastKnownFileType = file.storyboard; name = Base; path = Base.lproj/Main.storyboard; sourceTree = "<group>"; };
		C9F15C981BE532C1003F4CDA /* Assets.xcassets */ = {isa = PBXFileReference; lastKnownFileType = folder.assetcatalog; path = Assets.xcassets; sourceTree = "<group>"; };
		C9F15C9B1BE532C1003F4CDA /* Base */ = {isa = PBXFileReference; lastKnownFileType = file.storyboard; name = Base; path = Base.lproj/LaunchScreen.storyboard; sourceTree = "<group>"; };
		C9F15C9D1BE532C1003F4CDA /* Info.plist */ = {isa = PBXFileReference; lastKnownFileType = text.plist.xml; path = Info.plist; sourceTree = "<group>"; };
/* End PBXFileReference section */

/* Begin PBXFrameworksBuildPhase section */
		C9F15C8B1BE532C1003F4CDA /* Frameworks */ = {
			isa = PBXFrameworksBuildPhase;
			buildActionMask = 2147483647;
			files = (
			);
			runOnlyForDeploymentPostprocessing = 0;
		};
/* End PBXFrameworksBuildPhase section */

/* Begin PBXGroup section */
		C9F15C851BE532C1003F4CDA = {
			isa = PBXGroup;
			children = (
				C9F15C901BE532C1003F4CDA /* Roulette */,
				C9F15C8F1BE532C1003F4CDA /* Products */,
			);
			sourceTree = "<group>";
		};
		C9F15C8F1BE532C1003F4CDA /* Products */ = {
			isa = PBXGroup;
			children = (
				C9F15C8E1BE532C1003F4CDA /* Roulette.app */,
			);
			name = Products;
			sourceTree = "<group>";
		};
		C9F15C901BE532C1003F4CDA /* Roulette */ = {
			isa = PBXGroup;
			children = (
				C9F15C911BE532C1003F4CDA /* AppDelegate.swift */,
				C9F15C931BE532C1003F4CDA /* ViewController.swift */,
				C91237BE1BFBB3B400D74455 /* Roulette.swift */,
				C98FE21D1BEB8D5D00412CB2 /* Play.playground */,
				C9F15C951BE532C1003F4CDA /* Main.storyboard */,
				C9F15C981BE532C1003F4CDA /* Assets.xcassets */,
				C9F15C9A1BE532C1003F4CDA /* LaunchScreen.storyboard */,
				C9F15C9D1BE532C1003F4CDA /* Info.plist */,
			);
			path = Roulette;
			sourceTree = "<group>";
		};
/* End PBXGroup section */

/* Begin PBXNativeTarget section */
		C9F15C8D1BE532C1003F4CDA /* Roulette */ = {
			isa = PBXNativeTarget;
			buildConfigurationList = C9F15CA01BE532C1003F4CDA /* Build configuration list for PBXNativeTarget "Roulette" */;
			buildPhases = (
				C9F15C8A1BE532C1003F4CDA /* Sources */,
				C9F15C8B1BE532C1003F4CDA /* Frameworks */,
				C9F15C8C1BE532C1003F4CDA /* Resources */,
			);
			buildRules = (
			);
			dependencies = (
			);
			name = Roulette;
			productName = Roulette;
			productReference = C9F15C8E1BE532C1003F4CDA /* Roulette.app */;
			productType = "com.apple.product-type.application";
		};
/* End PBXNativeTarget section */

/* Begin PBXProject section */
		C9F15C861BE532C1003F4CDA /* Project object */ = {
			isa = PBXProject;
			attributes = {
				LastSwiftUpdateCheck = 0710;
				LastUpgradeCheck = 0710;
				ORGANIZATIONNAME = wczekalski;
				TargetAttributes = {
					C9F15C8D1BE532C1003F4CDA = {
						CreatedOnToolsVersion = 7.1;
						DevelopmentTeam = 25UJHK4C3S;
					};
				};
			};
			buildConfigurationList = C9F15C891BE532C1003F4CDA /* Build configuration list for PBXProject "Roulette" */;
			compatibilityVersion = "Xcode 3.2";
			developmentRegion = English;
			hasScannedForEncodings = 0;
			knownRegions = (
				en,
				Base,
			);
			mainGroup = C9F15C851BE532C1003F4CDA;
			productRefGroup = C9F15C8F1BE532C1003F4CDA /* Products */;
			projectDirPath = "";
			projectRoot = "";
			targets = (
				C9F15C8D1BE532C1003F4CDA /* Roulette */,
			);
		};
/* End PBXProject section */

/* Begin PBXResourcesBuildPhase section */
		C9F15C8C1BE532C1003F4CDA /* Resources */ = {
			isa = PBXResourcesBuildPhase;
			buildActionMask = 2147483647;
			files = (
				C9F15C9C1BE532C1003F4CDA /* LaunchScreen.storyboard in Resources */,
				C9F15C991BE532C1003F4CDA /* Assets.xcassets in Resources */,
				C9F15C971BE532C1003F4CDA /* Main.storyboard in Resources */,
			);
			runOnlyForDeploymentPostprocessing = 0;
		};
/* End PBXResourcesBuildPhase section */

/* Begin PBXSourcesBuildPhase section */
		C9F15C8A1BE532C1003F4CDA /* Sources */ = {
			isa = PBXSourcesBuildPhase;
			buildActionMask = 2147483647;
			files = (
				C91237BF1BFBB3B400D74455 /* Roulette.swift in Sources */,
				C9F15C941BE532C1003F4CDA /* ViewController.swift in Sources */,
				C9F15C921BE532C1003F4CDA /* AppDelegate.swift in Sources */,
			);
			runOnlyForDeploymentPostprocessing = 0;
		};
/* End PBXSourcesBuildPhase section */

/* Begin PBXVariantGroup section */
		C9F15C951BE532C1003F4CDA /* Main.storyboard */ = {
			isa = PBXVariantGroup;
			children = (
				C9F15C961BE532C1003F4CDA /* Base */,
			);
			name = Main.storyboard;
			sourceTree = "<group>";
		};
		C9F15C9A1BE532C1003F4CDA /* LaunchScreen.storyboard */ = {
			isa = PBXVariantGroup;
			children = (
				C9F15C9B1BE532C1003F4CDA /* Base */,
			);
			name = LaunchScreen.storyboard;
			sourceTree = "<group>";
		};
/* End PBXVariantGroup section */

/* Begin XCBuildConfiguration section */
		C9F15C9E1BE532C1003F4CDA /* Debug */ = {
			isa = XCBuildConfiguration;
			buildSettings = {
				ALWAYS_SEARCH_USER_PATHS = NO;
				CLANG_CXX_LANGUAGE_STANDARD = "gnu++0x";
				CLANG_CXX_LIBRARY = "libc++";
				CLANG_ENABLE_MODULES = YES;
				CLANG_ENABLE_OBJC_ARC = YES;
				CLANG_WARN_BOOL_CONVERSION = YES;
				CLANG_WARN_CONSTANT_CONVERSION = YES;
				CLANG_WARN_DIRECT_OBJC_ISA_USAGE = YES_ERROR;
				CLANG_WARN_EMPTY_BODY = YES;
				CLANG_WARN_ENUM_CONVERSION = YES;
				CLANG_WARN_INT_CONVERSION = YES;
				CLANG_WARN_OBJC_ROOT_CLASS = YES_ERROR;
				CLANG_WARN_UNREACHABLE_CODE = YES;
				CLANG_WARN__DUPLICATE_METHOD_MATCH = YES;
				"CODE_SIGN_IDENTITY[sdk=iphoneos*]" = "iPhone Developer";
				COPY_PHASE_STRIP = NO;
				DEBUG_INFORMATION_FORMAT = dwarf;
				ENABLE_STRICT_OBJC_MSGSEND = YES;
				ENABLE_TESTABILITY = YES;
				GCC_C_LANGUAGE_STANDARD = gnu99;
				GCC_DYNAMIC_NO_PIC = NO;
				GCC_NO_COMMON_BLOCKS = YES;
				GCC_OPTIMIZATION_LEVEL = 0;
				GCC_PREPROCESSOR_DEFINITIONS = (
					"DEBUG=1",
					"$(inherited)",
				);
				GCC_WARN_64_TO_32_BIT_CONVERSION = YES;
				GCC_WARN_ABOUT_RETURN_TYPE = YES_ERROR;
				GCC_WARN_UNDECLARED_SELECTOR = YES;
				GCC_WARN_UNINITIALIZED_AUTOS = YES_AGGRESSIVE;
				GCC_WARN_UNUSED_FUNCTION = YES;
				GCC_WARN_UNUSED_VARIABLE = YES;
				IPHONEOS_DEPLOYMENT_TARGET = 9.1;
				MTL_ENABLE_DEBUG_INFO = YES;
				ONLY_ACTIVE_ARCH = YES;
				SDKROOT = iphoneos;
				SWIFT_OPTIMIZATION_LEVEL = "-Onone";
			};
			name = Debug;
		};
		C9F15C9F1BE532C1003F4CDA /* Release */ = {
			isa = XCBuildConfiguration;
			buildSettings = {
				ALWAYS_SEARCH_USER_PATHS = NO;
				CLANG_CXX_LANGUAGE_STANDARD = "gnu++0x";
				CLANG_CXX_LIBRARY = "libc++";
				CLANG_ENABLE_MODULES = YES;
				CLANG_ENABLE_OBJC_ARC = YES;
				CLANG_WARN_BOOL_CONVERSION = YES;
				CLANG_WARN_CONSTANT_CONVERSION = YES;
				CLANG_WARN_DIRECT_OBJC_ISA_USAGE = YES_ERROR;
				CLANG_WARN_EMPTY_BODY = YES;
				CLANG_WARN_ENUM_CONVERSION = YES;
				CLANG_WARN_INT_CONVERSION = YES;
				CLANG_WARN_OBJC_ROOT_CLASS = YES_ERROR;
				CLANG_WARN_UNREACHABLE_CODE = YES;
				CLANG_WARN__DUPLICATE_METHOD_MATCH = YES;
				"CODE_SIGN_IDENTITY[sdk=iphoneos*]" = "iPhone Developer";
				COPY_PHASE_STRIP = NO;
				DEBUG_INFORMATION_FORMAT = "dwarf-with-dsym";
				ENABLE_NS_ASSERTIONS = NO;
				ENABLE_STRICT_OBJC_MSGSEND = YES;
				GCC_C_LANGUAGE_STANDARD = gnu99;
				GCC_NO_COMMON_BLOCKS = YES;
				GCC_WARN_64_TO_32_BIT_CONVERSION = YES;
				GCC_WARN_ABOUT_RETURN_TYPE = YES_ERROR;
				GCC_WARN_UNDECLARED_SELECTOR = YES;
				GCC_WARN_UNINITIALIZED_AUTOS = YES_AGGRESSIVE;
				GCC_WARN_UNUSED_FUNCTION = YES;
				GCC_WARN_UNUSED_VARIABLE = YES;
				IPHONEOS_DEPLOYMENT_TARGET = 9.1;
				MTL_ENABLE_DEBUG_INFO = NO;
				SDKROOT = iphoneos;
				VALIDATE_PRODUCT = YES;
			};
			name = Release;
		};
		C9F15CA11BE532C1003F4CDA /* Debug */ = {
			isa = XCBuildConfiguration;
			buildSettings = {
				ASSETCATALOG_COMPILER_APPICON_NAME = AppIcon;
				INFOPLIST_FILE = Roulette/Info.plist;
				LD_RUNPATH_SEARCH_PATHS = "$(inherited) @executable_path/Frameworks";
				PRODUCT_BUNDLE_IDENTIFIER = com.wczekalski.Roulette;
				PRODUCT_NAME = "$(TARGET_NAME)";
			};
			name = Debug;
		};
		C9F15CA21BE532C1003F4CDA /* Release */ = {
			isa = XCBuildConfiguration;
			buildSettings = {
				ASSETCATALOG_COMPILER_APPICON_NAME = AppIcon;
				INFOPLIST_FILE = Roulette/Info.plist;
				LD_RUNPATH_SEARCH_PATHS = "$(inherited) @executable_path/Frameworks";
				PRODUCT_BUNDLE_IDENTIFIER = com.wczekalski.Roulette;
				PRODUCT_NAME = "$(TARGET_NAME)";
			};
			name = Release;
		};
/* End XCBuildConfiguration section */

/* Begin XCConfigurationList section */
		C9F15C891BE532C1003F4CDA /* Build configuration list for PBXProject "Roulette" */ = {
			isa = XCConfigurationList;
			buildConfigurations = (
				C9F15C9E1BE532C1003F4CDA /* Debug */,
				C9F15C9F1BE532C1003F4CDA /* Release */,
			);
			defaultConfigurationIsVisible = 0;
			defaultConfigurationName = Release;
		};
		C9F15CA01BE532C1003F4CDA /* Build configuration list for PBXNativeTarget "Roulette" */ = {
			isa = XCConfigurationList;
			buildConfigurations = (
				C9F15CA11BE532C1003F4CDA /* Debug */,
				C9F15CA21BE532C1003F4CDA /* Release */,
			);
			defaultConfigurationIsVisible = 0;
			defaultConfigurationName = Release;
		};
/* End XCConfigurationList section */
	};
	rootObject = C9F15C861BE532C1003F4CDA /* Project object */;
}
